
Microsoft Visual Studio Solution File, Format Version 12.00
# Visual Studio Version 17
VisualStudioVersion = 17.14.36121.58 d17.14
MinimumVisualStudioVersion = 10.0.40219.1
Project("{FAE04EC0-301F-11D3-BF4B-00C04F79EFBC}") = "E-CommrecE MVC", "E-CommrecE MVC\E-CommrecE MVC.csproj", "{48DE7A31-00AF-46E0-B51D-4E7E89F750AE}"
EndProject
Global
	GlobalSection(SolutionConfigurationPlatforms) = preSolution
		Debug|Any CPU = Debug|Any CPU
		Release|Any CPU = Release|Any CPU
	EndGlobalSection
	GlobalSection(ProjectConfigurationPlatforms) = postSolution
		{48DE7A31-00AF-46E0-B51D-4E7E89F750AE}.Debug|Any CPU.ActiveCfg = Debug|Any CPU
		{48DE7A31-00AF-46E0-B51D-4E7E89F750AE}.Debug|Any CPU.Build.0 = Debug|Any CPU
		{48DE7A31-00AF-46E0-B51D-4E7E89F750AE}.Release|Any CPU.ActiveCfg = Release|Any CPU
		{48DE7A31-00AF-46E0-B51D-4E7E89F750AE}.Release|Any CPU.Build.0 = Release|Any CPU
	EndGlobalSection
	GlobalSection(SolutionProperties) = preSolution
		HideSolutionNode = FALSE
	EndGlobalSection
	GlobalSection(ExtensibilityGlobals) = postSolution
		SolutionGuid = {BA15198A-B294-49D6-8105-DD69B3905E4B}
	EndGlobalSection
EndGlobal
